
Microsoft Visual Studio Solution File, Format Version 12.00
# Visual Studio Version 17
VisualStudioVersion = 17.9.34723.18
MinimumVisualStudioVersion = 10.0.40219.1
Project("{9A19103F-16F7-4668-BE54-9A1E7A4F7556}") = "Fabrica.Aws", "Fabrica.Aws\Fabrica.Aws.csproj", "{25725748-811B-4DBB-B4FB-A39872100EB6}"
EndProject
Project("{9A19103F-16F7-4668-BE54-9A1E7A4F7556}") = "Fabrica.Core", "Fabrica.Core\Fabrica.Core.csproj", "{F21D10E9-E936-4262-848F-338FBC9CC52C}"
EndProject
Project("{9A19103F-16F7-4668-BE54-9A1E7A4F7556}") = "Fabrica.Http", "Fabrica.Http\Fabrica.Http.csproj", "{072205BE-6C32-47F4-851C-069A9C37E9E7}"
EndProject
Project("{9A19103F-16F7-4668-BE54-9A1E7A4F7556}") = "Fabrica.Identity.Keycloak", "Fabrica.Identity.Keycloak\Fabrica.Identity.Keycloak.csproj", "{5C4FF263-F136-4F01-9C8D-9627772F4E1B}"
EndProject
Project("{9A19103F-16F7-4668-BE54-9A1E7A4F7556}") = "Fabrica.Rql", "Fabrica.Rql\Fabrica.Rql.csproj", "{5FDE96D5-AEE7-43AC-BEAD-12ACD51BF233}"
EndProject
Project("{9A19103F-16F7-4668-BE54-9A1E7A4F7556}") = "Fabrica.Rules", "Fabrica.Rules\Fabrica.Rules.csproj", "{6CBDA471-3314-470F-94C8-BEF06B382C77}"
EndProject
Project("{9A19103F-16F7-4668-BE54-9A1E7A4F7556}") = "Fabrica.Watch", "Fabrica.Watch\Fabrica.Watch.csproj", "{1E9A5F1A-50A4-4AAF-8C55-37E319C7F5DD}"
EndProject
Project("{9A19103F-16F7-4668-BE54-9A1E7A4F7556}") = "Fabrica.Persistence.Ef", "Fabrica.Persistence.Ef\Fabrica.Persistence.Ef.csproj", "{E8BC2B29-F59C-4C0D-890D-6C45A81BF187}"
EndProject
Project("{9A19103F-16F7-4668-BE54-9A1E7A4F7556}") = "Fabrica.Mediator", "Fabrica.Mediator\Fabrica.Mediator.csproj", "{D2525FEC-657B-4248-945E-2A575880243F}"
EndProject
Project("{9A19103F-16F7-4668-BE54-9A1E7A4F7556}") = "Fabrica.Endpoints", "Fabrica.Endpoints\Fabrica.Endpoints.csproj", "{0FF4A1D7-FC99-45B4-B0CC-4FDA0B8BC847}"
EndProject
Project("{9A19103F-16F7-4668-BE54-9A1E7A4F7556}") = "Fabrica.One", "Fabrica.One\Fabrica.One.csproj", "{24AAE2E7-FB88-4110-822F-79E9029BEF77}"
EndProject
Project("{9A19103F-16F7-4668-BE54-9A1E7A4F7556}") = "Fabrica.Patch", "Fabrica.Patch\Fabrica.Patch.csproj", "{319A44FA-65EE-456C-AD96-A1ACA0ED054B}"
EndProject
Project("{2150E333-8FDC-42A3-9474-1A3956D46DE8}") = "Tests", "Tests", "{C1854E5A-AB42-491F-864E-969B81AA1AF1}"
EndProject
Project("{9A19103F-16F7-4668-BE54-9A1E7A4F7556}") = "Fabrica.Tests", "Fabrica.Tests\Fabrica.Tests.csproj", "{62ABA0E5-4B32-4CCD-95EA-F0AA1251E100}"
EndProject
Project("{2150E333-8FDC-42A3-9474-1A3956D46DE8}") = "Watch", "Watch", "{FA9CA22D-7653-43F1-AD17-A79198BF8725}"
EndProject
Project("{9A19103F-16F7-4668-BE54-9A1E7A4F7556}") = "Fabrica.Watch.Http", "Fabrica.Watch.Http\Fabrica.Watch.Http.csproj", "{8D542A1B-5E5B-4165-95C1-29F1D395012C}"
EndProject
Project("{9A19103F-16F7-4668-BE54-9A1E7A4F7556}") = "Fabrica.Watch.Mongo", "Fabrica.Watch.Mongo\Fabrica.Watch.Mongo.csproj", "{56EC47FD-9053-43B2-AAF1-E061266C53D0}"
EndProject
Project("{9A19103F-16F7-4668-BE54-9A1E7A4F7556}") = "Fabrica.Watch.Realtime", "Fabrica.Watch.Realtime\Fabrica.Watch.Realtime.csproj", "{838A5F5C-8A65-4126-8C93-13F8B4F8E198}"
EndProject
Project("{9A19103F-16F7-4668-BE54-9A1E7A4F7556}") = "Fabrica.Rql.Parser", "Fabrica.Rql.Parser\Fabrica.Rql.Parser.csproj", "{2FA732A1-F113-4772-9579-51E96E13305D}"
EndProject
Project("{FAE04EC0-301F-11D3-BF4B-00C04F79EFBC}") = "Fabrica.Api.Support", "Fabrica.Api.Support\Fabrica.Api.Support.csproj", "{5988A0FD-D1AD-4675-82EC-F11C272EFA42}"
EndProject
Project("{2150E333-8FDC-42A3-9474-1A3956D46DE8}") = "Application", "Application", "{BF72ECF5-12FF-43CB-B33A-4D2F58DFCF3E}"
EndProject
Project("{FAE04EC0-301F-11D3-BF4B-00C04F79EFBC}") = "Watch.Mem.Tester", "Watch.Mem.Tester\Watch.Mem.Tester.csproj", "{1ED2BFC7-970F-474F-A51E-56FF377C415B}"
EndProject
Project("{FAE04EC0-301F-11D3-BF4B-00C04F79EFBC}") = "Watch.DotMemory.Tester", "Watch.DotMemory.Tester\Watch.DotMemory.Tester.csproj", "{0AE96813-D1EA-4DF1-B792-B6CF6B477F8D}"
EndProject
Project("{FAE04EC0-301F-11D3-BF4B-00C04F79EFBC}") = "Fabrica.Watch.SqlIte", "Fabrica.Watch.SqlIte\Fabrica.Watch.SqlIte.csproj", "{DB97A2EF-436E-42E0-ACFD-443B8C47390F}"
EndProject
Project("{FAE04EC0-301F-11D3-BF4B-00C04F79EFBC}") = "Fabrica.Identity.Client", "Fabrica.Identity.Client\Fabrica.Identity.Client.csproj", "{EC56DE86-0857-4FE5-9A7E-C3D94C5CF964}"
EndProject
Project("{FAE04EC0-301F-11D3-BF4B-00C04F79EFBC}") = "Fabrica.Identity.Client.DynamoDb", "Fabrica.Identity.Client.DynamoDb\Fabrica.Identity.Client.DynamoDb.csproj", "{95700817-9FCB-411A-B244-35524800E306}"
EndProject
Project("{FAE04EC0-301F-11D3-BF4B-00C04F79EFBC}") = "Fabrica.App", "Fabrica.App\Fabrica.App.csproj", "{BD88D216-44DA-4BA4-BDD0-84BC793E4B4A}"
EndProject
Global
	GlobalSection(SolutionConfigurationPlatforms) = preSolution
		Debug|Any CPU = Debug|Any CPU
		Release|Any CPU = Release|Any CPU
	EndGlobalSection
	GlobalSection(ProjectConfigurationPlatforms) = postSolution
		{25725748-811B-4DBB-B4FB-A39872100EB6}.Debug|Any CPU.ActiveCfg = Debug|Any CPU
		{25725748-811B-4DBB-B4FB-A39872100EB6}.Debug|Any CPU.Build.0 = Debug|Any CPU
		{25725748-811B-4DBB-B4FB-A39872100EB6}.Release|Any CPU.ActiveCfg = Release|Any CPU
		{25725748-811B-4DBB-B4FB-A39872100EB6}.Release|Any CPU.Build.0 = Release|Any CPU
		{F21D10E9-E936-4262-848F-338FBC9CC52C}.Debug|Any CPU.ActiveCfg = Debug|Any CPU
		{F21D10E9-E936-4262-848F-338FBC9CC52C}.Debug|Any CPU.Build.0 = Debug|Any CPU
		{F21D10E9-E936-4262-848F-338FBC9CC52C}.Release|Any CPU.ActiveCfg = Release|Any CPU
		{F21D10E9-E936-4262-848F-338FBC9CC52C}.Release|Any CPU.Build.0 = Release|Any CPU
		{072205BE-6C32-47F4-851C-069A9C37E9E7}.Debug|Any CPU.ActiveCfg = Debug|Any CPU
		{072205BE-6C32-47F4-851C-069A9C37E9E7}.Debug|Any CPU.Build.0 = Debug|Any CPU
		{072205BE-6C32-47F4-851C-069A9C37E9E7}.Release|Any CPU.ActiveCfg = Release|Any CPU
		{072205BE-6C32-47F4-851C-069A9C37E9E7}.Release|Any CPU.Build.0 = Release|Any CPU
		{5C4FF263-F136-4F01-9C8D-9627772F4E1B}.Debug|Any CPU.ActiveCfg = Debug|Any CPU
		{5C4FF263-F136-4F01-9C8D-9627772F4E1B}.Debug|Any CPU.Build.0 = Debug|Any CPU
		{5C4FF263-F136-4F01-9C8D-9627772F4E1B}.Release|Any CPU.ActiveCfg = Release|Any CPU
		{5C4FF263-F136-4F01-9C8D-9627772F4E1B}.Release|Any CPU.Build.0 = Release|Any CPU
		{5FDE96D5-AEE7-43AC-BEAD-12ACD51BF233}.Debug|Any CPU.ActiveCfg = Debug|Any CPU
		{5FDE96D5-AEE7-43AC-BEAD-12ACD51BF233}.Debug|Any CPU.Build.0 = Debug|Any CPU
		{5FDE96D5-AEE7-43AC-BEAD-12ACD51BF233}.Release|Any CPU.ActiveCfg = Release|Any CPU
		{5FDE96D5-AEE7-43AC-BEAD-12ACD51BF233}.Release|Any CPU.Build.0 = Release|Any CPU
		{6CBDA471-3314-470F-94C8-BEF06B382C77}.Debug|Any CPU.ActiveCfg = Debug|Any CPU
		{6CBDA471-3314-470F-94C8-BEF06B382C77}.Debug|Any CPU.Build.0 = Debug|Any CPU
		{6CBDA471-3314-470F-94C8-BEF06B382C77}.Release|Any CPU.ActiveCfg = Release|Any CPU
		{6CBDA471-3314-470F-94C8-BEF06B382C77}.Release|Any CPU.Build.0 = Release|Any CPU
		{1E9A5F1A-50A4-4AAF-8C55-37E319C7F5DD}.Debug|Any CPU.ActiveCfg = Debug|Any CPU
		{1E9A5F1A-50A4-4AAF-8C55-37E319C7F5DD}.Debug|Any CPU.Build.0 = Debug|Any CPU
		{1E9A5F1A-50A4-4AAF-8C55-37E319C7F5DD}.Release|Any CPU.ActiveCfg = Release|Any CPU
		{1E9A5F1A-50A4-4AAF-8C55-37E319C7F5DD}.Release|Any CPU.Build.0 = Release|Any CPU
		{E8BC2B29-F59C-4C0D-890D-6C45A81BF187}.Debug|Any CPU.ActiveCfg = Debug|Any CPU
		{E8BC2B29-F59C-4C0D-890D-6C45A81BF187}.Debug|Any CPU.Build.0 = Debug|Any CPU
		{E8BC2B29-F59C-4C0D-890D-6C45A81BF187}.Release|Any CPU.ActiveCfg = Release|Any CPU
		{E8BC2B29-F59C-4C0D-890D-6C45A81BF187}.Release|Any CPU.Build.0 = Release|Any CPU
		{D2525FEC-657B-4248-945E-2A575880243F}.Debug|Any CPU.ActiveCfg = Debug|Any CPU
		{D2525FEC-657B-4248-945E-2A575880243F}.Debug|Any CPU.Build.0 = Debug|Any CPU
		{D2525FEC-657B-4248-945E-2A575880243F}.Release|Any CPU.ActiveCfg = Release|Any CPU
		{D2525FEC-657B-4248-945E-2A575880243F}.Release|Any CPU.Build.0 = Release|Any CPU
		{0FF4A1D7-FC99-45B4-B0CC-4FDA0B8BC847}.Debug|Any CPU.ActiveCfg = Debug|Any CPU
		{0FF4A1D7-FC99-45B4-B0CC-4FDA0B8BC847}.Debug|Any CPU.Build.0 = Debug|Any CPU
		{0FF4A1D7-FC99-45B4-B0CC-4FDA0B8BC847}.Release|Any CPU.ActiveCfg = Release|Any CPU
		{0FF4A1D7-FC99-45B4-B0CC-4FDA0B8BC847}.Release|Any CPU.Build.0 = Release|Any CPU
		{24AAE2E7-FB88-4110-822F-79E9029BEF77}.Debug|Any CPU.ActiveCfg = Debug|Any CPU
		{24AAE2E7-FB88-4110-822F-79E9029BEF77}.Debug|Any CPU.Build.0 = Debug|Any CPU
		{24AAE2E7-FB88-4110-822F-79E9029BEF77}.Release|Any CPU.ActiveCfg = Release|Any CPU
		{24AAE2E7-FB88-4110-822F-79E9029BEF77}.Release|Any CPU.Build.0 = Release|Any CPU
		{319A44FA-65EE-456C-AD96-A1ACA0ED054B}.Debug|Any CPU.ActiveCfg = Debug|Any CPU
		{319A44FA-65EE-456C-AD96-A1ACA0ED054B}.Debug|Any CPU.Build.0 = Debug|Any CPU
		{319A44FA-65EE-456C-AD96-A1ACA0ED054B}.Release|Any CPU.ActiveCfg = Release|Any CPU
		{319A44FA-65EE-456C-AD96-A1ACA0ED054B}.Release|Any CPU.Build.0 = Release|Any CPU
		{62ABA0E5-4B32-4CCD-95EA-F0AA1251E100}.Debug|Any CPU.ActiveCfg = Debug|Any CPU
		{62ABA0E5-4B32-4CCD-95EA-F0AA1251E100}.Debug|Any CPU.Build.0 = Debug|Any CPU
		{62ABA0E5-4B32-4CCD-95EA-F0AA1251E100}.Release|Any CPU.ActiveCfg = Release|Any CPU
		{62ABA0E5-4B32-4CCD-95EA-F0AA1251E100}.Release|Any CPU.Build.0 = Release|Any CPU
		{8D542A1B-5E5B-4165-95C1-29F1D395012C}.Debug|Any CPU.ActiveCfg = Debug|Any CPU
		{8D542A1B-5E5B-4165-95C1-29F1D395012C}.Debug|Any CPU.Build.0 = Debug|Any CPU
		{8D542A1B-5E5B-4165-95C1-29F1D395012C}.Release|Any CPU.ActiveCfg = Release|Any CPU
		{8D542A1B-5E5B-4165-95C1-29F1D395012C}.Release|Any CPU.Build.0 = Release|Any CPU
		{56EC47FD-9053-43B2-AAF1-E061266C53D0}.Debug|Any CPU.ActiveCfg = Debug|Any CPU
		{56EC47FD-9053-43B2-AAF1-E061266C53D0}.Debug|Any CPU.Build.0 = Debug|Any CPU
		{56EC47FD-9053-43B2-AAF1-E061266C53D0}.Release|Any CPU.ActiveCfg = Release|Any CPU
		{56EC47FD-9053-43B2-AAF1-E061266C53D0}.Release|Any CPU.Build.0 = Release|Any CPU
		{838A5F5C-8A65-4126-8C93-13F8B4F8E198}.Debug|Any CPU.ActiveCfg = Debug|Any CPU
		{838A5F5C-8A65-4126-8C93-13F8B4F8E198}.Debug|Any CPU.Build.0 = Debug|Any CPU
		{838A5F5C-8A65-4126-8C93-13F8B4F8E198}.Release|Any CPU.ActiveCfg = Release|Any CPU
		{838A5F5C-8A65-4126-8C93-13F8B4F8E198}.Release|Any CPU.Build.0 = Release|Any CPU
		{2FA732A1-F113-4772-9579-51E96E13305D}.Debug|Any CPU.ActiveCfg = Debug|Any CPU
		{2FA732A1-F113-4772-9579-51E96E13305D}.Debug|Any CPU.Build.0 = Debug|Any CPU
		{2FA732A1-F113-4772-9579-51E96E13305D}.Release|Any CPU.ActiveCfg = Release|Any CPU
		{2FA732A1-F113-4772-9579-51E96E13305D}.Release|Any CPU.Build.0 = Release|Any CPU
		{5988A0FD-D1AD-4675-82EC-F11C272EFA42}.Debug|Any CPU.ActiveCfg = Debug|Any CPU
		{5988A0FD-D1AD-4675-82EC-F11C272EFA42}.Debug|Any CPU.Build.0 = Debug|Any CPU
		{5988A0FD-D1AD-4675-82EC-F11C272EFA42}.Release|Any CPU.ActiveCfg = Release|Any CPU
		{5988A0FD-D1AD-4675-82EC-F11C272EFA42}.Release|Any CPU.Build.0 = Release|Any CPU
		{1ED2BFC7-970F-474F-A51E-56FF377C415B}.Debug|Any CPU.ActiveCfg = Debug|Any CPU
		{1ED2BFC7-970F-474F-A51E-56FF377C415B}.Debug|Any CPU.Build.0 = Debug|Any CPU
		{1ED2BFC7-970F-474F-A51E-56FF377C415B}.Release|Any CPU.ActiveCfg = Release|Any CPU
		{1ED2BFC7-970F-474F-A51E-56FF377C415B}.Release|Any CPU.Build.0 = Release|Any CPU
		{0AE96813-D1EA-4DF1-B792-B6CF6B477F8D}.Debug|Any CPU.ActiveCfg = Debug|Any CPU
		{0AE96813-D1EA-4DF1-B792-B6CF6B477F8D}.Debug|Any CPU.Build.0 = Debug|Any CPU
		{0AE96813-D1EA-4DF1-B792-B6CF6B477F8D}.Release|Any CPU.ActiveCfg = Release|Any CPU
		{0AE96813-D1EA-4DF1-B792-B6CF6B477F8D}.Release|Any CPU.Build.0 = Release|Any CPU
		{DB97A2EF-436E-42E0-ACFD-443B8C47390F}.Debug|Any CPU.ActiveCfg = Debug|Any CPU
		{DB97A2EF-436E-42E0-ACFD-443B8C47390F}.Debug|Any CPU.Build.0 = Debug|Any CPU
		{DB97A2EF-436E-42E0-ACFD-443B8C47390F}.Release|Any CPU.ActiveCfg = Release|Any CPU
		{DB97A2EF-436E-42E0-ACFD-443B8C47390F}.Release|Any CPU.Build.0 = Release|Any CPU
		{EC56DE86-0857-4FE5-9A7E-C3D94C5CF964}.Debug|Any CPU.ActiveCfg = Debug|Any CPU
		{EC56DE86-0857-4FE5-9A7E-C3D94C5CF964}.Debug|Any CPU.Build.0 = Debug|Any CPU
		{EC56DE86-0857-4FE5-9A7E-C3D94C5CF964}.Release|Any CPU.ActiveCfg = Release|Any CPU
		{EC56DE86-0857-4FE5-9A7E-C3D94C5CF964}.Release|Any CPU.Build.0 = Release|Any CPU
		{95700817-9FCB-411A-B244-35524800E306}.Debug|Any CPU.ActiveCfg = Debug|Any CPU
		{95700817-9FCB-411A-B244-35524800E306}.Debug|Any CPU.Build.0 = Debug|Any CPU
		{95700817-9FCB-411A-B244-35524800E306}.Release|Any CPU.ActiveCfg = Release|Any CPU
		{95700817-9FCB-411A-B244-35524800E306}.Release|Any CPU.Build.0 = Release|Any CPU
		{BD88D216-44DA-4BA4-BDD0-84BC793E4B4A}.Debug|Any CPU.ActiveCfg = Debug|Any CPU
		{BD88D216-44DA-4BA4-BDD0-84BC793E4B4A}.Debug|Any CPU.Build.0 = Debug|Any CPU
		{BD88D216-44DA-4BA4-BDD0-84BC793E4B4A}.Release|Any CPU.ActiveCfg = Release|Any CPU
		{BD88D216-44DA-4BA4-BDD0-84BC793E4B4A}.Release|Any CPU.Build.0 = Release|Any CPU
	EndGlobalSection
	GlobalSection(SolutionProperties) = preSolution
		HideSolutionNode = FALSE
	EndGlobalSection
	GlobalSection(NestedProjects) = preSolution
		{1E9A5F1A-50A4-4AAF-8C55-37E319C7F5DD} = {FA9CA22D-7653-43F1-AD17-A79198BF8725}
		{62ABA0E5-4B32-4CCD-95EA-F0AA1251E100} = {C1854E5A-AB42-491F-864E-969B81AA1AF1}
		{8D542A1B-5E5B-4165-95C1-29F1D395012C} = {FA9CA22D-7653-43F1-AD17-A79198BF8725}
		{56EC47FD-9053-43B2-AAF1-E061266C53D0} = {FA9CA22D-7653-43F1-AD17-A79198BF8725}
		{838A5F5C-8A65-4126-8C93-13F8B4F8E198} = {FA9CA22D-7653-43F1-AD17-A79198BF8725}
		{5988A0FD-D1AD-4675-82EC-F11C272EFA42} = {BF72ECF5-12FF-43CB-B33A-4D2F58DFCF3E}
		{1ED2BFC7-970F-474F-A51E-56FF377C415B} = {C1854E5A-AB42-491F-864E-969B81AA1AF1}
		{0AE96813-D1EA-4DF1-B792-B6CF6B477F8D} = {C1854E5A-AB42-491F-864E-969B81AA1AF1}
		{DB97A2EF-436E-42E0-ACFD-443B8C47390F} = {FA9CA22D-7653-43F1-AD17-A79198BF8725}
	EndGlobalSection
	GlobalSection(ExtensibilityGlobals) = postSolution
		SolutionGuid = {835BD9F5-1849-41B4-95D7-E9B12C1FA738}
	EndGlobalSection
EndGlobal
