
Microsoft Visual Studio Solution File, Format Version 12.00
# Visual Studio Version 17
VisualStudioVersion = 17.9.34723.18
MinimumVisualStudioVersion = 10.0.40219.1
Project("{9A19103F-16F7-4668-BE54-9A1E7A4F7556}") = "Fabrica.Aws", "Fabrica.Aws\Fabrica.Aws.csproj", "{25725748-811B-4DBB-B4FB-A39872100EB6}"
EndProject
Project("{9A19103F-16F7-4668-BE54-9A1E7A4F7556}") = "Fabrica.Core", "Fabrica.Core\Fabrica.Core.csproj", "{F21D10E9-E936-4262-848F-338FBC9CC52C}"
EndProject
Project("{9A19103F-16F7-4668-BE54-9A1E7A4F7556}") = "Fabrica.Http", "Fabrica.Http\Fabrica.Http.csproj", "{072205BE-6C32-47F4-851C-069A9C37E9E7}"
EndProject
Project("{9A19103F-16F7-4668-BE54-9A1E7A4F7556}") = "Fabrica.Identity.Keycloak", "Fabrica.Identity.Keycloak\Fabrica.Identity.Keycloak.csproj", "{5C4FF263-F136-4F01-9C8D-9627772F4E1B}"
EndProject
Project("{9A19103F-16F7-4668-BE54-9A1E7A4F7556}") = "Fabrica.Rql", "Fabrica.Rql\Fabrica.Rql.csproj", "{5FDE96D5-AEE7-43AC-BEAD-12ACD51BF233}"
EndProject
Project("{9A19103F-16F7-4668-BE54-9A1E7A4F7556}") = "Fabrica.Rules", "Fabrica.Rules\Fabrica.Rules.csproj", "{6CBDA471-3314-470F-94C8-BEF06B382C77}"
EndProject
Project("{9A19103F-16F7-4668-BE54-9A1E7A4F7556}") = "Fabrica.Watch", "Fabrica.Watch\Fabrica.Watch.csproj", "{1E9A5F1A-50A4-4AAF-8C55-37E319C7F5DD}"
EndProject
Project("{9A19103F-16F7-4668-BE54-9A1E7A4F7556}") = "Fabrica.Watch.Http", "Fabrica.Watch.Http\Fabrica.Watch.Http.csproj", "{4B6201C3-36E1-4DF5-BF9F-927868327BBD}"
EndProject
Project("{9A19103F-16F7-4668-BE54-9A1E7A4F7556}") = "Fabrica.Watch.Mongo", "Fabrica.Watch.Mongo\Fabrica.Watch.Mongo.csproj", "{3C4787A7-0E44-4B79-ABB2-E9F5B8739A25}"
EndProject
Project("{9A19103F-16F7-4668-BE54-9A1E7A4F7556}") = "Fabrica.Watch.Realtime", "Fabrica.Watch.Realtime\Fabrica.Watch.Realtime.csproj", "{6BCBB84C-E4E5-46B6-AA04-F92092EBD2B3}"
EndProject
Project("{9A19103F-16F7-4668-BE54-9A1E7A4F7556}") = "Fabrica.Persistence.Ef", "Fabrica.Persistence.Ef\Fabrica.Persistence.Ef.csproj", "{E8BC2B29-F59C-4C0D-890D-6C45A81BF187}"
EndProject
Project("{9A19103F-16F7-4668-BE54-9A1E7A4F7556}") = "Fabrica.Mediator", "Fabrica.Mediator\Fabrica.Mediator.csproj", "{D2525FEC-657B-4248-945E-2A575880243F}"
EndProject
Project("{9A19103F-16F7-4668-BE54-9A1E7A4F7556}") = "Fabrica.Endpoints", "Fabrica.Endpoints\Fabrica.Endpoints.csproj", "{0FF4A1D7-FC99-45B4-B0CC-4FDA0B8BC847}"
EndProject
Project("{9A19103F-16F7-4668-BE54-9A1E7A4F7556}") = "Fabrica.One", "Fabrica.One\Fabrica.One.csproj", "{24AAE2E7-FB88-4110-822F-79E9029BEF77}"
EndProject
Project("{9A19103F-16F7-4668-BE54-9A1E7A4F7556}") = "Fabrica.Patch", "Fabrica.Patch\Fabrica.Patch.csproj", "{319A44FA-65EE-456C-AD96-A1ACA0ED054B}"
EndProject
Project("{2150E333-8FDC-42A3-9474-1A3956D46DE8}") = "Tests", "Tests", "{C1854E5A-AB42-491F-864E-969B81AA1AF1}"
EndProject
Project("{9A19103F-16F7-4668-BE54-9A1E7A4F7556}") = "Fabrica.Tests", "Fabrica.Tests\Fabrica.Tests.csproj", "{62ABA0E5-4B32-4CCD-95EA-F0AA1251E100}"
EndProject
Global
	GlobalSection(SolutionConfigurationPlatforms) = preSolution
		Debug|Any CPU = Debug|Any CPU
		Release|Any CPU = Release|Any CPU
	EndGlobalSection
	GlobalSection(ProjectConfigurationPlatforms) = postSolution
		{25725748-811B-4DBB-B4FB-A39872100EB6}.Debug|Any CPU.ActiveCfg = Debug|Any CPU
		{25725748-811B-4DBB-B4FB-A39872100EB6}.Debug|Any CPU.Build.0 = Debug|Any CPU
		{25725748-811B-4DBB-B4FB-A39872100EB6}.Release|Any CPU.ActiveCfg = Release|Any CPU
		{25725748-811B-4DBB-B4FB-A39872100EB6}.Release|Any CPU.Build.0 = Release|Any CPU
		{F21D10E9-E936-4262-848F-338FBC9CC52C}.Debug|Any CPU.ActiveCfg = Debug|Any CPU
		{F21D10E9-E936-4262-848F-338FBC9CC52C}.Debug|Any CPU.Build.0 = Debug|Any CPU
		{F21D10E9-E936-4262-848F-338FBC9CC52C}.Release|Any CPU.ActiveCfg = Release|Any CPU
		{F21D10E9-E936-4262-848F-338FBC9CC52C}.Release|Any CPU.Build.0 = Release|Any CPU
		{072205BE-6C32-47F4-851C-069A9C37E9E7}.Debug|Any CPU.ActiveCfg = Debug|Any CPU
		{072205BE-6C32-47F4-851C-069A9C37E9E7}.Debug|Any CPU.Build.0 = Debug|Any CPU
		{072205BE-6C32-47F4-851C-069A9C37E9E7}.Release|Any CPU.ActiveCfg = Release|Any CPU
		{072205BE-6C32-47F4-851C-069A9C37E9E7}.Release|Any CPU.Build.0 = Release|Any CPU
		{5C4FF263-F136-4F01-9C8D-9627772F4E1B}.Debug|Any CPU.ActiveCfg = Debug|Any CPU
		{5C4FF263-F136-4F01-9C8D-9627772F4E1B}.Debug|Any CPU.Build.0 = Debug|Any CPU
		{5C4FF263-F136-4F01-9C8D-9627772F4E1B}.Release|Any CPU.ActiveCfg = Release|Any CPU
		{5C4FF263-F136-4F01-9C8D-9627772F4E1B}.Release|Any CPU.Build.0 = Release|Any CPU
		{5FDE96D5-AEE7-43AC-BEAD-12ACD51BF233}.Debug|Any CPU.ActiveCfg = Debug|Any CPU
		{5FDE96D5-AEE7-43AC-BEAD-12ACD51BF233}.Debug|Any CPU.Build.0 = Debug|Any CPU
		{5FDE96D5-AEE7-43AC-BEAD-12ACD51BF233}.Release|Any CPU.ActiveCfg = Release|Any CPU
		{5FDE96D5-AEE7-43AC-BEAD-12ACD51BF233}.Release|Any CPU.Build.0 = Release|Any CPU
		{6CBDA471-3314-470F-94C8-BEF06B382C77}.Debug|Any CPU.ActiveCfg = Debug|Any CPU
		{6CBDA471-3314-470F-94C8-BEF06B382C77}.Debug|Any CPU.Build.0 = Debug|Any CPU
		{6CBDA471-3314-470F-94C8-BEF06B382C77}.Release|Any CPU.ActiveCfg = Release|Any CPU
		{6CBDA471-3314-470F-94C8-BEF06B382C77}.Release|Any CPU.Build.0 = Release|Any CPU
		{1E9A5F1A-50A4-4AAF-8C55-37E319C7F5DD}.Debug|Any CPU.ActiveCfg = Debug|Any CPU
		{1E9A5F1A-50A4-4AAF-8C55-37E319C7F5DD}.Debug|Any CPU.Build.0 = Debug|Any CPU
		{1E9A5F1A-50A4-4AAF-8C55-37E319C7F5DD}.Release|Any CPU.ActiveCfg = Release|Any CPU
		{1E9A5F1A-50A4-4AAF-8C55-37E319C7F5DD}.Release|Any CPU.Build.0 = Release|Any CPU
		{4B6201C3-36E1-4DF5-BF9F-927868327BBD}.Debug|Any CPU.ActiveCfg = Debug|Any CPU
		{4B6201C3-36E1-4DF5-BF9F-927868327BBD}.Debug|Any CPU.Build.0 = Debug|Any CPU
		{4B6201C3-36E1-4DF5-BF9F-927868327BBD}.Release|Any CPU.ActiveCfg = Release|Any CPU
		{4B6201C3-36E1-4DF5-BF9F-927868327BBD}.Release|Any CPU.Build.0 = Release|Any CPU
		{3C4787A7-0E44-4B79-ABB2-E9F5B8739A25}.Debug|Any CPU.ActiveCfg = Debug|Any CPU
		{3C4787A7-0E44-4B79-ABB2-E9F5B8739A25}.Debug|Any CPU.Build.0 = Debug|Any CPU
		{3C4787A7-0E44-4B79-ABB2-E9F5B8739A25}.Release|Any CPU.ActiveCfg = Release|Any CPU
		{3C4787A7-0E44-4B79-ABB2-E9F5B8739A25}.Release|Any CPU.Build.0 = Release|Any CPU
		{6BCBB84C-E4E5-46B6-AA04-F92092EBD2B3}.Debug|Any CPU.ActiveCfg = Debug|Any CPU
		{6BCBB84C-E4E5-46B6-AA04-F92092EBD2B3}.Debug|Any CPU.Build.0 = Debug|Any CPU
		{6BCBB84C-E4E5-46B6-AA04-F92092EBD2B3}.Release|Any CPU.ActiveCfg = Release|Any CPU
		{6BCBB84C-E4E5-46B6-AA04-F92092EBD2B3}.Release|Any CPU.Build.0 = Release|Any CPU
		{E8BC2B29-F59C-4C0D-890D-6C45A81BF187}.Debug|Any CPU.ActiveCfg = Debug|Any CPU
		{E8BC2B29-F59C-4C0D-890D-6C45A81BF187}.Debug|Any CPU.Build.0 = Debug|Any CPU
		{E8BC2B29-F59C-4C0D-890D-6C45A81BF187}.Release|Any CPU.ActiveCfg = Release|Any CPU
		{E8BC2B29-F59C-4C0D-890D-6C45A81BF187}.Release|Any CPU.Build.0 = Release|Any CPU
		{D2525FEC-657B-4248-945E-2A575880243F}.Debug|Any CPU.ActiveCfg = Debug|Any CPU
		{D2525FEC-657B-4248-945E-2A575880243F}.Debug|Any CPU.Build.0 = Debug|Any CPU
		{D2525FEC-657B-4248-945E-2A575880243F}.Release|Any CPU.ActiveCfg = Release|Any CPU
		{D2525FEC-657B-4248-945E-2A575880243F}.Release|Any CPU.Build.0 = Release|Any CPU
		{0FF4A1D7-FC99-45B4-B0CC-4FDA0B8BC847}.Debug|Any CPU.ActiveCfg = Debug|Any CPU
		{0FF4A1D7-FC99-45B4-B0CC-4FDA0B8BC847}.Debug|Any CPU.Build.0 = Debug|Any CPU
		{0FF4A1D7-FC99-45B4-B0CC-4FDA0B8BC847}.Release|Any CPU.ActiveCfg = Release|Any CPU
		{0FF4A1D7-FC99-45B4-B0CC-4FDA0B8BC847}.Release|Any CPU.Build.0 = Release|Any CPU
		{24AAE2E7-FB88-4110-822F-79E9029BEF77}.Debug|Any CPU.ActiveCfg = Debug|Any CPU
		{24AAE2E7-FB88-4110-822F-79E9029BEF77}.Debug|Any CPU.Build.0 = Debug|Any CPU
		{24AAE2E7-FB88-4110-822F-79E9029BEF77}.Release|Any CPU.ActiveCfg = Release|Any CPU
		{24AAE2E7-FB88-4110-822F-79E9029BEF77}.Release|Any CPU.Build.0 = Release|Any CPU
		{319A44FA-65EE-456C-AD96-A1ACA0ED054B}.Debug|Any CPU.ActiveCfg = Debug|Any CPU
		{319A44FA-65EE-456C-AD96-A1ACA0ED054B}.Debug|Any CPU.Build.0 = Debug|Any CPU
		{319A44FA-65EE-456C-AD96-A1ACA0ED054B}.Release|Any CPU.ActiveCfg = Release|Any CPU
		{319A44FA-65EE-456C-AD96-A1ACA0ED054B}.Release|Any CPU.Build.0 = Release|Any CPU
		{62ABA0E5-4B32-4CCD-95EA-F0AA1251E100}.Debug|Any CPU.ActiveCfg = Debug|Any CPU
		{62ABA0E5-4B32-4CCD-95EA-F0AA1251E100}.Debug|Any CPU.Build.0 = Debug|Any CPU
		{62ABA0E5-4B32-4CCD-95EA-F0AA1251E100}.Release|Any CPU.ActiveCfg = Release|Any CPU
		{62ABA0E5-4B32-4CCD-95EA-F0AA1251E100}.Release|Any CPU.Build.0 = Release|Any CPU
	EndGlobalSection
	GlobalSection(SolutionProperties) = preSolution
		HideSolutionNode = FALSE
	EndGlobalSection
	GlobalSection(NestedProjects) = preSolution
		{62ABA0E5-4B32-4CCD-95EA-F0AA1251E100} = {C1854E5A-AB42-491F-864E-969B81AA1AF1}
	EndGlobalSection
	GlobalSection(ExtensibilityGlobals) = postSolution
		SolutionGuid = {835BD9F5-1849-41B4-95D7-E9B12C1FA738}
	EndGlobalSection
EndGlobal
